hash: 0e93dc638d11399d2d1e7f55886ceb98cbec09eda2866bbc0addc09a54e7dfc5
updated: 2018-09-08T16:20:11.095418396+10:00
imports:
- name: github.com/bmatcuk/doublestar
  version: 85a78806aa1b4707d1dbace9be592cf1ece91ab3
- name: github.com/BurntSushi/toml
  version: a368813c5e648fee92e5f6c30e3944ff9d5e8895
- name: github.com/howeyc/gopass
  version: bf9dde6d0d2c004a008c27aaee91170c786f6db8
- name: github.com/jessevdk/go-flags
  version: 96dc06278ce32a0e9d957d590bb987c81ee66407
- name: github.com/jinzhu/configor
  version: ec34f328956f53dfbd06e9f5306e37e6943443c3
- name: github.com/julienschmidt/httprouter
  version: adbc77eec0d91467376ca515bc3a14b8434d0f18
- name: github.com/mattn/go-sqlite3
  version: 25ecb14adfc7543176f7d85291ec7dba82c6f7e4
- name: github.com/satori/go.uuid
  version: f58768cc1a7a7e77a3bd49e98cdd21419399b6a3
- name: github.com/sirupsen/logrus
  version: c155da19408a8799da419ed3eeb0cb5db0ad5dbc
  subpackages:
  - hooks/test
- name: golang.org/x/crypto
  version: 5119cf507ed5294cc409c092980c7497ee5d6fd2
  subpackages:
  - bcrypt
  - blowfish
  - ssh/terminal
- name: golang.org/x/exp
  version: e88728d35e99800368f4acc0969018db6b0d3dd5
  subpackages:
  - utf8string
- name: golang.org/x/sys
  version: 37707fdb30a5b38865cfb95e5aab41707daec7fd
  subpackages:
  - unix
  - windows
- name: gopkg.in/yaml.v2
  version: 5420a8b6744d3b0345ab293f6fcba19c978f1183
testImports: []
