hash: 49c2702ee5cc3781711200a9b8c050f58d7874cf0c909761a8cb1948ad226641
updated: 2020-04-28T21:46:38.400214829+10:00
imports:
- name: cloud.google.com/go
  version: 69e77e66e59741e053c986d469791a983ee1d6a5
  subpackages:
  - compute/metadata
  - iam
  - internal
  - internal/optional
  - internal/trace
  - internal/version
  - storage
- name: github.com/aws/aws-sdk-go
  version: 41c1f8ff3a97cdf5a486987a0674dbf52eeb95ac
  subpackages:
  - aws
  - aws/arn
  - aws/awserr
  - aws/awsutil
  - aws/client
  - aws/client/metadata
  - aws/corehandlers
  - aws/credentials
  - aws/credentials/ec2rolecreds
  - aws/credentials/endpointcreds
  - aws/credentials/processcreds
  - aws/credentials/stscreds
  - aws/csm
  - aws/defaults
  - aws/ec2metadata
  - aws/endpoints
  - aws/request
  - aws/session
  - aws/signer/v4
  - internal/context
  - internal/ini
  - internal/s3err
  - internal/sdkio
  - internal/sdkmath
  - internal/sdkrand
  - internal/sdkuri
  - internal/shareddefaults
  - internal/strings
  - internal/sync/singleflight
  - private/protocol
  - private/protocol/eventstream
  - private/protocol/eventstream/eventstreamapi
  - private/protocol/json/jsonutil
  - private/protocol/query
  - private/protocol/query/queryutil
  - private/protocol/rest
  - private/protocol/restxml
  - private/protocol/xml/xmlutil
  - service/s3
  - service/s3/internal/arn
  - service/s3/s3iface
  - service/s3/s3manager
  - service/sts
  - service/sts/stsiface
- name: github.com/Azure/azure-pipeline-go
  version: 232aee85e8e3a6223a11c0943f7df2ae0fac00e4
  subpackages:
  - pipeline
- name: github.com/Azure/azure-storage-blob-go
  version: fc700035fe4a7020f50d49f420b3c088aed57e03
  subpackages:
  - azblob
- name: github.com/bearmini/go-acl
  version: a423b25ba3ef3afa637b85a6222ccf2abffd01c6
  subpackages:
  - api
- name: github.com/bmatcuk/doublestar
  version: 39df92f7399bdaa74c821d606e9322dd1332074a
- name: github.com/BurntSushi/toml
  version: 3012a1dbe2e4bd1391d42b32f0577cb7bbc7f005
- name: github.com/djherbis/times
  version: 847c5208d8924cea0acea3376ff62aede93afe39
- name: github.com/dustin/go-humanize
  version: 9f541cc9db5d55bce703bd99987c9d5cb8eea45e
- name: github.com/gofrs/uuid
  version: 6b08a5c5172ba18946672b49749cde22873dd7c2
- name: github.com/golang/groupcache
  version: 8c9f03a8e57eb486e42badaed3fb287da51807ba
  subpackages:
  - lru
- name: github.com/golang/protobuf
  version: fa093f59480c0adaaabf88a72a0b0e48b95aec25
  subpackages:
  - internal/gengogrpc
  - proto
  - protoc-gen-go
  - protoc-gen-go/descriptor
  - ptypes
  - ptypes/any
  - ptypes/duration
  - ptypes/timestamp
- name: github.com/googleapis/gax-go
  version: be11bb253a768098254dc71e95d1a81ced778de3
  subpackages:
  - v2
- name: github.com/howeyc/gopass
  version: 7cb4b85ec19c7c220ab71433a230f7eb200d639d
- name: github.com/jessevdk/go-flags
  version: 96dc06278ce32a0e9d957d590bb987c81ee66407
- name: github.com/jinzhu/configor
  version: 01f68ce1891676869e16fce850fd4779ac681a45
- name: github.com/jmespath/go-jmespath
  version: 2437e8417af5203cd4f1f97f99fc289bdeea1360
- name: github.com/jordan-wright/email
  version: 94ae17dedda217a49e3b47d68f1b54b3c946e16b
- name: github.com/jstemmer/go-junit-report
  version: 984a47ca6b0a7d704c4b589852051b4d7865aa17
  subpackages:
  - formatter
  - parser
- name: github.com/julienschmidt/httprouter
  version: 8c9f31f047a304abedb5614d4a18a843cd5f4a40
- name: github.com/mattn/go-ieproxy
  version: 439dd0581a2a03b415673a2462ad5c21eaabc588
- name: github.com/mattn/go-sqlite3
  version: 25ecb14adfc7543176f7d85291ec7dba82c6f7e4
- name: github.com/paulbellamy/ratecounter
  version: 524851a93235ac051e3540563ed7909357fe24ab
- name: github.com/sirupsen/logrus
  version: c155da19408a8799da419ed3eeb0cb5db0ad5dbc
  subpackages:
  - hooks/test
- name: go.opencensus.io
  version: 46dfec7deb6e8c5d4a46f355c0da7c6d6dc59ba4
  subpackages:
  - internal
  - internal/tagencoding
  - metric/metricdata
  - metric/metricproducer
  - plugin/ochttp
  - plugin/ochttp/propagation/b3
  - resource
  - stats
  - stats/internal
  - stats/view
  - tag
  - trace
  - trace/internal
  - trace/propagation
  - trace/tracestate
- name: golang.org/x/crypto
  version: 729f1e841bcca28c2cd9f4034d6f7672604dbeda
  subpackages:
  - bcrypt
  - blowfish
  - ssh/terminal
- name: golang.org/x/exp
  version: e8c3332aa8e5b8e6acb4707c3a7e5979052b20aa
  subpackages:
  - utf8string
- name: golang.org/x/lint
  version: 738671d3881b9731cc63024d5d88cf28db875626
  subpackages:
  - golint
- name: golang.org/x/mod
  version: 2addee1ccfb22349ab47953a3046338e461eb4d1
  subpackages:
  - module
  - semver
- name: golang.org/x/net
  version: ff2c4b7c35a07b0c1e90ce72aa7bfe41bb66a3cb
  subpackages:
  - context
  - context/ctxhttp
  - http/httpguts
  - http/httpproxy
  - http2
  - http2/hpack
  - idna
  - internal/timeseries
  - trace
- name: golang.org/x/oauth2
  version: bf48bf16ab8d622ce64ec6ce98d2c98f916b6303
  subpackages:
  - google
  - internal
  - jws
  - jwt
- name: golang.org/x/sys
  version: 29b57079015a5bb5f6b6f0c01679754e4bd75916
  subpackages:
  - unix
  - windows
  - windows/registry
- name: golang.org/x/text
  version: 6ca2caf96f159660c33dae334f64e31e5da91752
  subpackages:
  - secure/bidirule
  - transform
  - unicode/bidi
  - unicode/norm
- name: golang.org/x/time
  version: 89c76fbcd5d1cd4969e5d2fe19d48b19d5ad94a0
  subpackages:
  - rate
- name: golang.org/x/tools
  version: 7ae4988eb4d97c49ed0a632032fed8a8d41a2a3d
  subpackages:
  - cmd/goimports
  - go/analysis
  - go/analysis/passes/inspect
  - go/ast/astutil
  - go/ast/inspector
  - go/buildutil
  - go/gcexportdata
  - go/internal/cgo
  - go/internal/gcimporter
  - go/internal/packagesdriver
  - go/loader
  - go/packages
  - go/types/objectpath
  - go/types/typeutil
  - internal/analysisinternal
  - internal/event
  - internal/event/core
  - internal/event/keys
  - internal/event/label
  - internal/fastwalk
  - internal/gocommand
  - internal/gopathwalk
  - internal/imports
  - internal/packagesinternal
- name: golang.org/x/xerrors
  version: 9bdfabe68543c54f90421aeb9a60ef8061b5b544
  subpackages:
  - internal
- name: google.golang.org/api
  version: 429e7e93c77a1a848a951c9335fd89c230c79f2f
  subpackages:
  - googleapi
  - googleapi/transport
  - internal
  - internal/gensupport
  - internal/third_party/uritemplates
  - iterator
  - option
  - option/internaloption
  - storage/v1
  - transport/cert
  - transport/http
  - transport/http/internal/propagation
- name: google.golang.org/appengine
  version: 553959209a20f3be281c16dd5be5c740a893978f
  subpackages:
  - internal
  - internal/app_identity
  - internal/base
  - internal/datastore
  - internal/log
  - internal/modules
  - internal/remote_api
  - internal/urlfetch
  - urlfetch
- name: google.golang.org/genproto
  version: bca184e23272c97429f0cb78a825f71ede0635fc
  subpackages:
  - googleapis/api/annotations
  - googleapis/iam/v1
  - googleapis/rpc/code
  - googleapis/rpc/status
  - googleapis/type/expr
- name: google.golang.org/grpc
  version: b2df44eac8b1ffedf1ec721a1b7d706293e7abd7
  subpackages:
  - attributes
  - backoff
  - balancer
  - balancer/base
  - balancer/roundrobin
  - binarylog/grpc_binarylog_v1
  - codes
  - connectivity
  - credentials
  - credentials/internal
  - encoding
  - encoding/proto
  - grpclog
  - internal
  - internal/backoff
  - internal/balancerload
  - internal/binarylog
  - internal/buffer
  - internal/channelz
  - internal/envconfig
  - internal/grpclog
  - internal/grpcrand
  - internal/grpcsync
  - internal/grpcutil
  - internal/resolver/dns
  - internal/resolver/passthrough
  - internal/serviceconfig
  - internal/status
  - internal/syscall
  - internal/transport
  - keepalive
  - metadata
  - naming
  - peer
  - resolver
  - serviceconfig
  - stats
  - status
  - tap
- name: google.golang.org/protobuf
  version: b57aae9defbc3e3ce7daed74b0c4d7a57550c933
  subpackages:
  - cmd/protoc-gen-go/internal_gengo
  - compiler/protogen
  - encoding/prototext
  - encoding/protowire
  - internal/descfmt
  - internal/descopts
  - internal/detrand
  - internal/encoding/defval
  - internal/encoding/messageset
  - internal/encoding/tag
  - internal/encoding/text
  - internal/errors
  - internal/fieldnum
  - internal/fieldsort
  - internal/filedesc
  - internal/filetype
  - internal/flags
  - internal/genname
  - internal/impl
  - internal/mapsort
  - internal/pragma
  - internal/set
  - internal/strs
  - internal/version
  - proto
  - reflect/protodesc
  - reflect/protoreflect
  - reflect/protoregistry
  - runtime/protoiface
  - runtime/protoimpl
  - types/descriptorpb
  - types/known/anypb
  - types/known/durationpb
  - types/known/timestamppb
  - types/pluginpb
- name: gopkg.in/yaml.v2
  version: 53403b58ad1b561927d19068c655246f2db79d48
- name: honnef.co/go/tools
  version: cd1ad299aeab34165b1db4678cc0e68b1e77e523
  subpackages:
  - arg
  - cmd/staticcheck
  - code
  - config
  - deprecated
  - edit
  - facts
  - functions
  - go/types/typeutil
  - internal/cache
  - internal/passes/buildir
  - internal/renameio
  - internal/robustio
  - internal/sharedcheck
  - ir
  - ir/irutil
  - lint
  - lint/lintdsl
  - lint/lintutil
  - lint/lintutil/format
  - loader
  - pattern
  - printf
  - report
  - simple
  - staticcheck
  - stylecheck
  - unused
  - version
testImports: []
