hash: 0d393f60741f8d69fa46ded69a9a3ccc66a0bcb112ab294376524059bdc7588e
updated: 2018-10-06T19:49:27.838871945+10:00
imports:
- name: github.com/bearmini/go-acl
  version: a423b25ba3ef3afa637b85a6222ccf2abffd01c6
  subpackages:
  - api
- name: github.com/bmatcuk/doublestar
  version: 85a78806aa1b4707d1dbace9be592cf1ece91ab3
- name: github.com/BurntSushi/toml
  version: 3012a1dbe2e4bd1391d42b32f0577cb7bbc7f005
- name: github.com/djherbis/times
  version: d25002f62be22438b4cd804b9d3c8db1231164d0
- name: github.com/howeyc/gopass
  version: bf9dde6d0d2c004a008c27aaee91170c786f6db8
- name: github.com/jessevdk/go-flags
  version: 96dc06278ce32a0e9d957d590bb987c81ee66407
- name: github.com/jinzhu/configor
  version: 4edaf76fe18865e36de734d887f4c01bd05707af
- name: github.com/julienschmidt/httprouter
  version: 348b672cd90d8190f8240323e372ecd1e66b59dc
- name: github.com/mattn/go-sqlite3
  version: 25ecb14adfc7543176f7d85291ec7dba82c6f7e4
- name: github.com/satori/go.uuid
  version: f58768cc1a7a7e77a3bd49e98cdd21419399b6a3
- name: github.com/sirupsen/logrus
  version: c155da19408a8799da419ed3eeb0cb5db0ad5dbc
  subpackages:
  - hooks/test
- name: golang.org/x/crypto
  version: e3636079e1a4c1f337f212cc5cd2aca108f6c900
  subpackages:
  - bcrypt
  - blowfish
  - ssh/terminal
- name: golang.org/x/exp
  version: e88728d35e99800368f4acc0969018db6b0d3dd5
  subpackages:
  - utf8string
- name: golang.org/x/sys
  version: 4497e2df6f9e69048a54498c7affbbec3294ad47
  subpackages:
  - unix
  - windows
- name: gopkg.in/yaml.v2
  version: 5420a8b6744d3b0345ab293f6fcba19c978f1183
testImports: []
